
Microsoft Visual Studio Solution File, Format Version 12.00
# Visual Studio Version 17
VisualStudioVersion = 17.5.002.0
MinimumVisualStudioVersion = 10.0.40219.1
Project("{9A19103F-16F7-4668-BE54-9A1E7A4F7556}") = "Proyecto", "Proyecto.csproj", "{2CA2E011-86E9-477F-86CC-8E4FF1B07C41}"
EndProject
Project("{FAE04EC0-301F-11D3-BF4B-00C04F79EFBC}") = "Maze", "..\..\Maze\Maze.csproj", "{7C1BFCF7-8C66-4A47-93A2-51AF6FC561A9}"
EndProject
Project("{FAE04EC0-301F-11D3-BF4B-00C04F79EFBC}") = "TC 1", "..\..\TC 1\TC 1.csproj", "{567915B4-E017-47B7-BC7B-D0E475CC6D53}"
EndProject
Global
	GlobalSection(SolutionConfigurationPlatforms) = preSolution
		Debug|Any CPU = Debug|Any CPU
		Release|Any CPU = Release|Any CPU
	EndGlobalSection
	GlobalSection(ProjectConfigurationPlatforms) = postSolution
		{2CA2E011-86E9-477F-86CC-8E4FF1B07C41}.Debug|Any CPU.ActiveCfg = Debug|Any CPU
		{2CA2E011-86E9-477F-86CC-8E4FF1B07C41}.Debug|Any CPU.Build.0 = Debug|Any CPU
		{2CA2E011-86E9-477F-86CC-8E4FF1B07C41}.Release|Any CPU.ActiveCfg = Release|Any CPU
		{2CA2E011-86E9-477F-86CC-8E4FF1B07C41}.Release|Any CPU.Build.0 = Release|Any CPU
		{7C1BFCF7-8C66-4A47-93A2-51AF6FC561A9}.Debug|Any CPU.ActiveCfg = Debug|Any CPU
		{7C1BFCF7-8C66-4A47-93A2-51AF6FC561A9}.Debug|Any CPU.Build.0 = Debug|Any CPU
		{7C1BFCF7-8C66-4A47-93A2-51AF6FC561A9}.Release|Any CPU.ActiveCfg = Release|Any CPU
		{7C1BFCF7-8C66-4A47-93A2-51AF6FC561A9}.Release|Any CPU.Build.0 = Release|Any CPU
		{567915B4-E017-47B7-BC7B-D0E475CC6D53}.Debug|Any CPU.ActiveCfg = Debug|Any CPU
		{567915B4-E017-47B7-BC7B-D0E475CC6D53}.Debug|Any CPU.Build.0 = Debug|Any CPU
		{567915B4-E017-47B7-BC7B-D0E475CC6D53}.Release|Any CPU.ActiveCfg = Release|Any CPU
		{567915B4-E017-47B7-BC7B-D0E475CC6D53}.Release|Any CPU.Build.0 = Release|Any CPU
	EndGlobalSection
	GlobalSection(SolutionProperties) = preSolution
		HideSolutionNode = FALSE
	EndGlobalSection
	GlobalSection(ExtensibilityGlobals) = postSolution
		SolutionGuid = {6D332D16-C146-4786-848E-9D45530F1C6A}
	EndGlobalSection
EndGlobal
